
Microsoft Visual Studio Solution File, Format Version 12.00
# Visual Studio Version 16
VisualStudioVersion = 16.0.30907.101
MinimumVisualStudioVersion = 10.0.40219.1
Project("{FAE04EC0-301F-11D3-BF4B-00C04F79EFBC}") = "FizzBuzz_ConditionalStatements", "FizzBuzz_ConditionalStatements\FizzBuzz_ConditionalStatements.csproj", "{104B6CD8-9D89-4587-8C2C-F920EE1AFEEA}"
EndProject
Global
	GlobalSection(SolutionConfigurationPlatforms) = preSolution
		Debug|Any CPU = Debug|Any CPU
		Release|Any CPU = Release|Any CPU
	EndGlobalSection
	GlobalSection(ProjectConfigurationPlatforms) = postSolution
		{104B6CD8-9D89-4587-8C2C-F920EE1AFEEA}.Debug|Any CPU.ActiveCfg = Debug|Any CPU
		{104B6CD8-9D89-4587-8C2C-F920EE1AFEEA}.Debug|Any CPU.Build.0 = Debug|Any CPU
		{104B6CD8-9D89-4587-8C2C-F920EE1AFEEA}.Release|Any CPU.ActiveCfg = Release|Any CPU
		{104B6CD8-9D89-4587-8C2C-F920EE1AFEEA}.Release|Any CPU.Build.0 = Release|Any CPU
	EndGlobalSection
	GlobalSection(SolutionProperties) = preSolution
		HideSolutionNode = FALSE
	EndGlobalSection
	GlobalSection(ExtensibilityGlobals) = postSolution
		SolutionGuid = {05403A48-850E-473B-A2D4-4A6414FDD9FC}
	EndGlobalSection
EndGlobal
