
Microsoft Visual Studio Solution File, Format Version 12.00
# Visual Studio Version 16
VisualStudioVersion = 16.0.30907.101
MinimumVisualStudioVersion = 10.0.40219.1
Project("{FAE04EC0-301F-11D3-BF4B-00C04F79EFBC}") = "ConditionalStatements", "ConditionalStatements\ConditionalStatements.csproj", "{4E542094-0C0A-4A92-A706-6021487D9350}"
EndProject
Global
	GlobalSection(SolutionConfigurationPlatforms) = preSolution
		Debug|Any CPU = Debug|Any CPU
		Release|Any CPU = Release|Any CPU
	EndGlobalSection
	GlobalSection(ProjectConfigurationPlatforms) = postSolution
		{4E542094-0C0A-4A92-A706-6021487D9350}.Debug|Any CPU.ActiveCfg = Debug|Any CPU
		{4E542094-0C0A-4A92-A706-6021487D9350}.Debug|Any CPU.Build.0 = Debug|Any CPU
		{4E542094-0C0A-4A92-A706-6021487D9350}.Release|Any CPU.ActiveCfg = Release|Any CPU
		{4E542094-0C0A-4A92-A706-6021487D9350}.Release|Any CPU.Build.0 = Release|Any CPU
	EndGlobalSection
	GlobalSection(SolutionProperties) = preSolution
		HideSolutionNode = FALSE
	EndGlobalSection
	GlobalSection(ExtensibilityGlobals) = postSolution
		SolutionGuid = {08306E41-BA50-4C97-B52E-244640A506BD}
	EndGlobalSection
EndGlobal
