
Microsoft Visual Studio Solution File, Format Version 12.00
# Visual Studio Version 16
VisualStudioVersion = 16.0.30907.101
MinimumVisualStudioVersion = 10.0.40219.1
Project("{FAE04EC0-301F-11D3-BF4B-00C04F79EFBC}") = "Collections_Arrays", "Collections_Arrays\Collections_Arrays.csproj", "{547E71A4-AEB6-4D16-8356-005B3738280F}"
EndProject
Project("{FAE04EC0-301F-11D3-BF4B-00C04F79EFBC}") = "Collection_Dictionary", "Collection_Dictionary\Collection_Dictionary.csproj", "{C20CF5D6-22DB-4CDA-A70E-CB3E78AEE5E2}"
EndProject
Global
	GlobalSection(SolutionConfigurationPlatforms) = preSolution
		Debug|Any CPU = Debug|Any CPU
		Release|Any CPU = Release|Any CPU
	EndGlobalSection
	GlobalSection(ProjectConfigurationPlatforms) = postSolution
		{547E71A4-AEB6-4D16-8356-005B3738280F}.Debug|Any CPU.ActiveCfg = Debug|Any CPU
		{547E71A4-AEB6-4D16-8356-005B3738280F}.Debug|Any CPU.Build.0 = Debug|Any CPU
		{547E71A4-AEB6-4D16-8356-005B3738280F}.Release|Any CPU.ActiveCfg = Release|Any CPU
		{547E71A4-AEB6-4D16-8356-005B3738280F}.Release|Any CPU.Build.0 = Release|Any CPU
		{C20CF5D6-22DB-4CDA-A70E-CB3E78AEE5E2}.Debug|Any CPU.ActiveCfg = Debug|Any CPU
		{C20CF5D6-22DB-4CDA-A70E-CB3E78AEE5E2}.Debug|Any CPU.Build.0 = Debug|Any CPU
		{C20CF5D6-22DB-4CDA-A70E-CB3E78AEE5E2}.Release|Any CPU.ActiveCfg = Release|Any CPU
		{C20CF5D6-22DB-4CDA-A70E-CB3E78AEE5E2}.Release|Any CPU.Build.0 = Release|Any CPU
	EndGlobalSection
	GlobalSection(SolutionProperties) = preSolution
		HideSolutionNode = FALSE
	EndGlobalSection
	GlobalSection(ExtensibilityGlobals) = postSolution
		SolutionGuid = {F337727E-E403-460E-A233-69FF0863B47B}
	EndGlobalSection
EndGlobal
