
Microsoft Visual Studio Solution File, Format Version 12.00
# Visual Studio Version 16
VisualStudioVersion = 16.0.30907.101
MinimumVisualStudioVersion = 10.0.40219.1
Project("{FAE04EC0-301F-11D3-BF4B-00C04F79EFBC}") = "RandomGuess", "RandomGuess\RandomGuess.csproj", "{30267F29-C944-44B2-AA91-15A2DE0EF634}"
EndProject
Global
	GlobalSection(SolutionConfigurationPlatforms) = preSolution
		Debug|Any CPU = Debug|Any CPU
		Release|Any CPU = Release|Any CPU
	EndGlobalSection
	GlobalSection(ProjectConfigurationPlatforms) = postSolution
		{30267F29-C944-44B2-AA91-15A2DE0EF634}.Debug|Any CPU.ActiveCfg = Debug|Any CPU
		{30267F29-C944-44B2-AA91-15A2DE0EF634}.Debug|Any CPU.Build.0 = Debug|Any CPU
		{30267F29-C944-44B2-AA91-15A2DE0EF634}.Release|Any CPU.ActiveCfg = Release|Any CPU
		{30267F29-C944-44B2-AA91-15A2DE0EF634}.Release|Any CPU.Build.0 = Release|Any CPU
	EndGlobalSection
	GlobalSection(SolutionProperties) = preSolution
		HideSolutionNode = FALSE
	EndGlobalSection
	GlobalSection(ExtensibilityGlobals) = postSolution
		SolutionGuid = {A7ADA069-F6EB-4F3D-80CA-EAC159656893}
	EndGlobalSection
EndGlobal
